Microsoft Visual Studio Solution File, Format Version 12.00
# Visual Studio Version 17
VisualStudioVersion = 17.5.2.0
MinimumVisualStudioVersion = 10.0.40219.1
Project("{FAE04EC0-301F-11D3-BF4B-00C04F79EFBC}") = "02_diceRoller", "02_diceRoller.csproj", "{B9F45684-6CCA-7A09-AC45-EDC4990FAAF6}"
EndProject
Global
	GlobalSection(SolutionConfigurationPlatforms) = preSolution
		Debug|Any CPU = Debug|Any CPU
		Release|Any CPU = Release|Any CPU
	EndGlobalSection
	GlobalSection(ProjectConfigurationPlatforms) = postSolution
		{B9F45684-6CCA-7A09-AC45-EDC4990FAAF6}.Debug|Any CPU.ActiveCfg = Debug|Any CPU
		{B9F45684-6CCA-7A09-AC45-EDC4990FAAF6}.Debug|Any CPU.Build.0 = Debug|Any CPU
		{B9F45684-6CCA-7A09-AC45-EDC4990FAAF6}.Release|Any CPU.ActiveCfg = Release|Any CPU
		{B9F45684-6CCA-7A09-AC45-EDC4990FAAF6}.Release|Any CPU.Build.0 = Release|Any CPU
	EndGlobalSection
	GlobalSection(SolutionProperties) = preSolution
		HideSolutionNode = FALSE
	EndGlobalSection
	GlobalSection(ExtensibilityGlobals) = postSolution
		SolutionGuid = {FD541F39-8177-43CF-9965-6B28D42E86E6}
	EndGlobalSection
EndGlobal
