Microsoft Visual Studio Solution File, Format Version 12.00
# Visual Studio Version 17
VisualStudioVersion = 17.5.2.0
MinimumVisualStudioVersion = 10.0.40219.1
Project("{FAE04EC0-301F-11D3-BF4B-00C04F79EFBC}") = "StrongViews", "StrongViews.csproj", "{5C142C18-E740-7AC9-E1AD-C1C5162B9066}"
EndProject
Global
	GlobalSection(SolutionConfigurationPlatforms) = preSolution
		Debug|Any CPU = Debug|Any CPU
		Release|Any CPU = Release|Any CPU
	EndGlobalSection
	GlobalSection(ProjectConfigurationPlatforms) = postSolution
		{5C142C18-E740-7AC9-E1AD-C1C5162B9066}.Debug|Any CPU.ActiveCfg = Debug|Any CPU
		{5C142C18-E740-7AC9-E1AD-C1C5162B9066}.Debug|Any CPU.Build.0 = Debug|Any CPU
		{5C142C18-E740-7AC9-E1AD-C1C5162B9066}.Release|Any CPU.ActiveCfg = Release|Any CPU
		{5C142C18-E740-7AC9-E1AD-C1C5162B9066}.Release|Any CPU.Build.0 = Release|Any CPU
	EndGlobalSection
	GlobalSection(SolutionProperties) = preSolution
		HideSolutionNode = FALSE
	EndGlobalSection
	GlobalSection(ExtensibilityGlobals) = postSolution
		SolutionGuid = {3770846A-F2BE-46FA-93AC-8F1D5AE9E90D}
	EndGlobalSection
EndGlobal
